
Microsoft Visual Studio Solution File, Format Version 12.00
# Visual Studio Version 17
VisualStudioVersion = 17.3.32929.385
MinimumVisualStudioVersion = 10.0.40219.1
Project("{FAE04EC0-301F-11D3-BF4B-00C04F79EFBC}") = "PRAS-Task", "PRAS-Task\PRAS-Task.csproj", "{8E13873D-11D1-473A-BF81-86A8EC66210E}"
EndProject
Global
	GlobalSection(SolutionConfigurationPlatforms) = preSolution
		Debug|Any CPU = Debug|Any CPU
		Release|Any CPU = Release|Any CPU
	EndGlobalSection
	GlobalSection(ProjectConfigurationPlatforms) = postSolution
		{8E13873D-11D1-473A-BF81-86A8EC66210E}.Debug|Any CPU.ActiveCfg = Debug|Any CPU
		{8E13873D-11D1-473A-BF81-86A8EC66210E}.Debug|Any CPU.Build.0 = Debug|Any CPU
		{8E13873D-11D1-473A-BF81-86A8EC66210E}.Release|Any CPU.ActiveCfg = Release|Any CPU
		{8E13873D-11D1-473A-BF81-86A8EC66210E}.Release|Any CPU.Build.0 = Release|Any CPU
	EndGlobalSection
	GlobalSection(SolutionProperties) = preSolution
		HideSolutionNode = FALSE
	EndGlobalSection
	GlobalSection(ExtensibilityGlobals) = postSolution
		SolutionGuid = {ED382B33-77A9-4E7F-8279-AA1B3165A9F7}
	EndGlobalSection
EndGlobal
